github.com/Bogdan-D/go-typed-errors v0.0.0-20211102214618-a9894a7d9dc3 h1:HXaoDcpkB2KIm2LT1NlIEnolyZwKvZ0A2txl6Hf7E/Y=
github.com/Bogdan-D/go-typed-errors v0.0.0-20211102214618-a9894a7d9dc3/go.mod h1:H9+KlSCXa3o3Z/VKASxtwae6dUyI32vNydmScdGMgwc=
github.com/Bogdan-D/go-typed-errors v0.0.0-20211102215154-0872901e8484 h1:3WjK79F9h6Fs7KZdgO4pbNn9clmTwXfFJ4aiV6RIyDE=
github.com/Bogdan-D/go-typed-errors v0.0.0-20211102215154-0872901e8484/go.mod h1:H9+KlSCXa3o3Z/VKASxtwae6dUyI32vNydmScdGMgwc=
github.com/Bogdan-D/go-typed-errors v0.0.0-20211102220845-e275bce0bcce h1:xdU4VOrH/0XnCQfvK6J4aAK18j1pYMqSz25WkqlFkvU=
github.com/Bogdan-D/go-typed-errors v0.0.0-20211102220845-e275bce0bcce/go.mod h1:H9+KlSCXa3o3Z/VKASxtwae6dUyI32vNydmScdGMgwc=
github.com/Bogdan-D/go-typed-errors v0.0.0-20211102221741-abbb6796e12a h1:H7AbvYUmmthiBwPWwcBCcPgOQa4mN4TzUR6Da9I4uTM=
github.com/Bogdan-D/go-typed-errors v0.0.0-20211102221741-abbb6796e12a/go.mod h1:H9+KlSCXa3o3Z/VKASxtwae6dUyI32vNydmScdGMgwc=
github.com/Bogdan-D/go-typed-errors v0.0.0-20211102224439-32d2d96bcc41 h1:gX/9GkEGpmQCmCszlDCIhfZCRsxoUP9L1UWRDChXQhs=
github.com/Bogdan-D/go-typed-errors v0.0.0-20211102224439-32d2d96bcc41/go.mod h1:H9+KlSCXa3o3Z/VKASxtwae6dUyI32vNydmScdGMgwc=
github.com/Bogdan-D/go-typed-errors v0.0.0-20211102231423-d9fbae876c55 h1:hkAk5hgQJafcxzk7IH5UYd66C9fs3JJ8gH22fmVH1zc=
github.com/Bogdan-D/go-typed-errors v0.0.0-20211102231423-d9fbae876c55/go.mod h1:H9+KlSCXa3o3Z/VKASxtwae6dUyI32vNydmScdGMgwc=
github.com/Bogdan-D/go-typed-errors v0.0.0-20211102231540-e9b083507580 h1:tiCYXIFTiqlYF4DCclvupL+XKj1KbJSYnWg4I3tOgyY=
github.com/Bogdan-D/go-typed-errors v0.0.0-20211102231540-e9b083507580/go.mod h1:H9+KlSCXa3o3Z/VKASxtwae6dUyI32vNydmScdGMgwc=
golang.org/x/net v0.0.0-20211015210444-4f30a5c0130f h1:OfiFi4JbukWwe3lzw+xunroH1mnC1e2Gy5cxNJApiSY=
golang.org/x/net v0.0.0-20211015210444-4f30a5c0130f/go.mod h1:9nx3DQGgdP8bBQD5qxJ1jj9UTztislL4KSBs9R2vV5Y=
golang.org/x/sys v0.0.0-20201119102817-f84b799fce68/go.mod h1:h1NjWce9XRLGQEsW7wpKNCjG9DtNlClVuFLEZdDNbEs=
golang.org/x/sys v0.0.0-20210423082822-04245dca01da/go.mod h1:h1NjWce9XRLGQEsW7wpKNCjG9DtNlClVuFLEZdDNbEs=
golang.org/x/term v0.0.0-20201126162022-7de9c90e9dd1/go.mod h1:bj7SfCRtBDWHUb9snDiAeCFNEtKQo2Wmx5Cou7ajbmo=
golang.org/x/text v0.3.6/go.mod h1:5Zoc/QRtKVWzQhOtBMvqHzDpF6irO9z98xDceosuGiQ=
golang.org/x/tools v0.0.0-20180917221912-90fa682c2a6e/go.mod h1:n7NCudcB/nEzxVGmLbDWY5pfWTLqBcC2KZ6jyYvM4mQ=
